schema: '2.0'
stages:
  prepare:
    cmd: python3.11 src/prepare.py data/raw data/prepared
    deps:
    - path: data/raw
      hash: md5
      md5: 6d8f0c274829764e1ea1112420825014.dir
      size: 8822930
      nfiles: 1605
    - path: src/prepare.py
      hash: md5
      md5: 3a7bc5e64725e3a6f3257ee9720944ae
      size: 2540
    - path: src/utils/seed.py
      hash: md5
      md5: 963a551c177450f50e4f11bd1a9ab2c7
      size: 437
    params:
      params.yaml:
        prepare:
          seed: 77
          split: 0.2
          image_size:
          - 32
          - 32
          grayscale: true
    outs:
    - path: data/prepared
      hash: md5
      md5: 39b57ead9ae817bf5f9493633558c7b5.dir
      size: 6619332
      nfiles: 8
  train:
    cmd: python3.11 src/train.py data/prepared model
    deps:
    - path: data/prepared
      hash: md5
      md5: 39b57ead9ae817bf5f9493633558c7b5.dir
      size: 6619332
      nfiles: 8
    - path: src/train.py
      hash: md5
      md5: f0c533685de7ddb3f8a8d9d4c221747e
      size: 3856
    - path: src/utils/seed.py
      hash: md5
      md5: 963a551c177450f50e4f11bd1a9ab2c7
      size: 437
    params:
      params.yaml:
        train:
          seed: 77
          lr: 0.001
          epochs: 10
          conv_size: 64
          dense_size: 128
          output_classes: 11
    outs:
    - path: model
      hash: md5
      md5: f85a2b1962e7d327e41fdc01b3f28ce1.dir
      size: 8397732
      nfiles: 2
  evaluate:
    cmd: python3.11 src/evaluate.py model data/prepared
    deps:
    - path: model
      hash: md5
      md5: f85a2b1962e7d327e41fdc01b3f28ce1.dir
      size: 8397732
      nfiles: 2
    - path: src/evaluate.py
      hash: md5
      md5: ed775b26fb8d8b7d91f99e83ca8c42f9
      size: 5480
    outs:
    - path: evaluation/metrics.json
      hash: md5
      md5: e484344cd3e58080e66df936299ca5f2
      size: 64
    - path: evaluation/plots/confusion_matrix.png
      hash: md5
      md5: 347d517403f2dac408e895aa8723315e
      size: 45676
    - path: evaluation/plots/pred_preview.png
      hash: md5
      md5: 31554048f82ea59cd998c0905804550a
      size: 43555
    - path: evaluation/plots/training_history.png
      hash: md5
      md5: 7bd20499648074783c4ae6479f988ffd
      size: 37143
